
Microsoft Visual Studio Solution File, Format Version 12.00
# Visual Studio Version 16
VisualStudioVersion = 16.0.31112.23
MinimumVisualStudioVersion = 10.0.40219.1
Project("{FAE04EC0-301F-11D3-BF4B-00C04F79EFBC}") = "TestTask", "TestTask\TestTask.csproj", "{604866B6-7D9A-408A-82E2-CE4895100852}"
EndProject
Global
	GlobalSection(SolutionConfigurationPlatforms) = preSolution
		Debug|Any CPU = Debug|Any CPU
		Release|Any CPU = Release|Any CPU
	EndGlobalSection
	GlobalSection(ProjectConfigurationPlatforms) = postSolution
		{604866B6-7D9A-408A-82E2-CE4895100852}.Debug|Any CPU.ActiveCfg = Debug|Any CPU
		{604866B6-7D9A-408A-82E2-CE4895100852}.Debug|Any CPU.Build.0 = Debug|Any CPU
		{604866B6-7D9A-408A-82E2-CE4895100852}.Release|Any CPU.ActiveCfg = Release|Any CPU
		{604866B6-7D9A-408A-82E2-CE4895100852}.Release|Any CPU.Build.0 = Release|Any CPU
	EndGlobalSection
	GlobalSection(SolutionProperties) = preSolution
		HideSolutionNode = FALSE
	EndGlobalSection
	GlobalSection(ExtensibilityGlobals) = postSolution
		SolutionGuid = {6D8B2DEE-CC58-4226-9BD5-83C83F013A80}
	EndGlobalSection
EndGlobal
